
Microsoft Visual Studio Solution File, Format Version 12.00
# Visual Studio Version 16
VisualStudioVersion = 16.0.29509.3
MinimumVisualStudioVersion = 10.0.40219.1
Project("{8BC9CEB8-8B4A-11D0-8D11-00A0C91BC942}") = "Project1", "Project1\Project1.vcxproj", "{0771AC75-E727-4A5D-8689-AD75F6FD0AAA}"
EndProject
Global
	GlobalSection(SolutionConfigurationPlatforms) = preSolution
		Debug|x64 = Debug|x64
		Debug|x86 = Debug|x86
		Release|x64 = Release|x64
		Release|x86 = Release|x86
	EndGlobalSection
	GlobalSection(ProjectConfigurationPlatforms) = postSolution
		{0771AC75-E727-4A5D-8689-AD75F6FD0AAA}.Debug|x64.ActiveCfg = Debug|x64
		{0771AC75-E727-4A5D-8689-AD75F6FD0AAA}.Debug|x64.Build.0 = Debug|x64
		{0771AC75-E727-4A5D-8689-AD75F6FD0AAA}.Debug|x86.ActiveCfg = Debug|Win32
		{0771AC75-E727-4A5D-8689-AD75F6FD0AAA}.Debug|x86.Build.0 = Debug|Win32
		{0771AC75-E727-4A5D-8689-AD75F6FD0AAA}.Release|x64.ActiveCfg = Release|x64
		{0771AC75-E727-4A5D-8689-AD75F6FD0AAA}.Release|x64.Build.0 = Release|x64
		{0771AC75-E727-4A5D-8689-AD75F6FD0AAA}.Release|x86.ActiveCfg = Release|Win32
		{0771AC75-E727-4A5D-8689-AD75F6FD0AAA}.Release|x86.Build.0 = Release|Win32
	EndGlobalSection
	GlobalSection(SolutionProperties) = preSolution
		HideSolutionNode = FALSE
	EndGlobalSection
	GlobalSection(ExtensibilityGlobals) = postSolution
		SolutionGuid = {0A884737-AED1-404E-AEE9-1BD2EA2EA5CC}
	EndGlobalSection
EndGlobal
